// !$*UTF8*$!
{
	archiveVersion = 1;
	classes = {
	};
	objectVersion = 52;
	objects = {

/* Begin PBXBuildFile section */
		3C2525C7266675C300136372 /* kelly_roberts_400m_repeats.bundle in Resources */ = {isa = PBXBuildFile; fileRef = 3C2525C3266675C300136372 /* kelly_roberts_400m_repeats.bundle */; };
		3C2525C8266675C300136372 /* kelly_roberts_400m_repeats.enc in Resources */ = {isa = PBXBuildFile; fileRef = 3C2525C4266675C300136372 /* kelly_roberts_400m_repeats.enc */; };
		3C2525CA266675C300136372 /* kelly_roberts_instructor_embedded.bundle in Resources */ = {isa = PBXBuildFile; fileRef = 3C2525C6266675C300136372 /* kelly_roberts_instructor_embedded.bundle */; };
		3C2525CB266675D400136372 /* WeavKit.xcframework in Frameworks */ = {isa = PBXBuildFile; fileRef = 3C2525C5266675C300136372 /* WeavKit.xcframework */; };
		3C2525CC266675D400136372 /* WeavKit.xcframework in Embed Frameworks */ = {isa = PBXBuildFile; fileRef = 3C2525C5266675C300136372 /* WeavKit.xcframework */; settings = {ATTRIBUTES = (CodeSignOnCopy, RemoveHeadersOnCopy, ); }; };
		3C2525CF2666762500136372 /* WeavRunningSessionConfig+Extension.swift in Sources */ = {isa = PBXBuildFile; fileRef = 3C2525CE2666762500136372 /* WeavRunningSessionConfig+Extension.swift */; };
		3C2525D12666767200136372 /* Constants.swift in Sources */ = {isa = PBXBuildFile; fileRef = 3C2525D02666767200136372 /* Constants.swift */; };
		3C2525D3266678BA00136372 /* WeavExampleEmbeddedSongs.bundle in Resources */ = {isa = PBXBuildFile; fileRef = 3C2525D2266678BA00136372 /* WeavExampleEmbeddedSongs.bundle */; };
		3C6A17641DF7087C006CD716 /* AppDelegate.swift in Sources */ = {isa = PBXBuildFile; fileRef = 3C6A17631DF7087C006CD716 /* AppDelegate.swift */; };
		3C6A17681DF7087C006CD716 /* RunSetupViewController.swift in Sources */ = {isa = PBXBuildFile; fileRef = 3C6A17671DF7087C006CD716 /* RunSetupViewController.swift */; };
		3C6A176B1DF7087C006CD716 /* Main.storyboard in Resources */ = {isa = PBXBuildFile; fileRef = 3C6A17691DF7087C006CD716 /* Main.storyboard */; };
		3C6A176D1DF7087C006CD716 /* Assets.xcassets in Resources */ = {isa = PBXBuildFile; fileRef = 3C6A176C1DF7087C006CD716 /* Assets.xcassets */; };
		3C6A17701DF7087C006CD716 /* LaunchScreen.storyboard in Resources */ = {isa = PBXBuildFile; fileRef = 3C6A176E1DF7087C006CD716 /* LaunchScreen.storyboard */; };
		3C6A17811DF71180006CD716 /* RunningPlayerViewController.swift in Sources */ = {isa = PBXBuildFile; fileRef = 3C6A17801DF71180006CD716 /* RunningPlayerViewController.swift */; };
		3C88991C26739CAF004A5FE7 /* UIImage.swift in Sources */ = {isa = PBXBuildFile; fileRef = 3C88991B26739CAF004A5FE7 /* UIImage.swift */; };
		3C88991F26739FB4004A5FE7 /* MusicControlsView.swift in Sources */ = {isa = PBXBuildFile; fileRef = 3C88991E26739FB4004A5FE7 /* MusicControlsView.swift */; };
		3C8899212673A028004A5FE7 /* RunningPlayerView.swift in Sources */ = {isa = PBXBuildFile; fileRef = 3C8899202673A028004A5FE7 /* RunningPlayerView.swift */; };
		3C8899242673B653004A5FE7 /* LocationPermissionRequest.swift in Sources */ = {isa = PBXBuildFile; fileRef = 3C8899232673B653004A5FE7 /* LocationPermissionRequest.swift */; };
		3CA358162667BA81001B1637 /* SnapKit in Frameworks */ = {isa = PBXBuildFile; productRef = 3CA358152667BA81001B1637 /* SnapKit */; };
		3CA358192667BE05001B1637 /* RunningControlsView.swift in Sources */ = {isa = PBXBuildFile; fileRef = 3CA358182667BE05001B1637 /* RunningControlsView.swift */; };
		3CA3581B2667BE40001B1637 /* StatView.swift in Sources */ = {isa = PBXBuildFile; fileRef = 3CA3581A2667BE40001B1637 /* StatView.swift */; };
/* End PBXBuildFile section */

/* Begin PBXCopyFilesBuildPhase section */
		3C6A177E1DF708D3006CD716 /* Embed Frameworks */ = {
			isa = PBXCopyFilesBuildPhase;
			buildActionMask = 2147483647;
			dstPath = "";
			dstSubfolderSpec = 10;
			files = (
				3C2525CC266675D400136372 /* WeavKit.xcframework in Embed Frameworks */,
			);
			name = "Embed Frameworks";
			runOnlyForDeploymentPostprocessing = 0;
		};
/* End PBXCopyFilesBuildPhase section */

/* Begin PBXFileReference section */
		3C2525C3266675C300136372 /* kelly_roberts_400m_repeats.bundle */ = {isa = PBXFileReference; lastKnownFileType = "wrapper.plug-in"; path = kelly_roberts_400m_repeats.bundle; sourceTree = "<group>"; };
		3C2525C4266675C300136372 /* kelly_roberts_400m_repeats.enc */ = {isa = PBXFileReference; lastKnownFileType = file; path = kelly_roberts_400m_repeats.enc; sourceTree = "<group>"; };
		3C2525C5266675C300136372 /* WeavKit.xcframework */ = {isa = PBXFileReference; lastKnownFileType = wrapper.xcframework; path = WeavKit.xcframework; sourceTree = "<group>"; };
		3C2525C6266675C300136372 /* kelly_roberts_instructor_embedded.bundle */ = {isa = PBXFileReference; lastKnownFileType = "wrapper.plug-in"; path = kelly_roberts_instructor_embedded.bundle; sourceTree = "<group>"; };
		3C2525CE2666762500136372 /* WeavRunningSessionConfig+Extension.swift */ = {isa = PBXFileReference; lastKnownFileType = sourcecode.swift; path = "WeavRunningSessionConfig+Extension.swift"; sourceTree = "<group>"; };
		3C2525D02666767200136372 /* Constants.swift */ = {isa = PBXFileReference; lastKnownFileType = sourcecode.swift; path = Constants.swift; sourceTree = "<group>"; };
		3C2525D2266678BA00136372 /* WeavExampleEmbeddedSongs.bundle */ = {isa = PBXFileReference; lastKnownFileType = "wrapper.plug-in"; path = WeavExampleEmbeddedSongs.bundle; sourceTree = "<group>"; };
		3C6A17601DF7087C006CD716 /* WeavExample.app */ = {isa = PBXFileReference; explicitFileType = wrapper.application; includeInIndex = 0; path = WeavExample.app; sourceTree = BUILT_PRODUCTS_DIR; };
		3C6A17631DF7087C006CD716 /* AppDelegate.swift */ = {isa = PBXFileReference; lastKnownFileType = sourcecode.swift; path = AppDelegate.swift; sourceTree = "<group>"; };
		3C6A17671DF7087C006CD716 /* RunSetupViewController.swift */ = {isa = PBXFileReference; lastKnownFileType = sourcecode.swift; path = RunSetupViewController.swift; sourceTree = "<group>"; };
		3C6A176A1DF7087C006CD716 /* Base */ = {isa = PBXFileReference; lastKnownFileType = file.storyboard; name = Base; path = Base.lproj/Main.storyboard; sourceTree = "<group>"; };
		3C6A176C1DF7087C006CD716 /* Assets.xcassets */ = {isa = PBXFileReference; lastKnownFileType = folder.assetcatalog; path = Assets.xcassets; sourceTree = "<group>"; };
		3C6A176F1DF7087C006CD716 /* Base */ = {isa = PBXFileReference; lastKnownFileType = file.storyboard; name = Base; path = Base.lproj/LaunchScreen.storyboard; sourceTree = "<group>"; };
		3C6A17711DF7087C006CD716 /* Info.plist */ = {isa = PBXFileReference; lastKnownFileType = text.plist.xml; path = Info.plist; sourceTree = "<group>"; };
		3C6A17801DF71180006CD716 /* RunningPlayerViewController.swift */ = {isa = PBXFileReference; fileEncoding = 4; lastKnownFileType = sourcecode.swift; path = RunningPlayerViewController.swift; sourceTree = "<group>"; };
		3C88991B26739CAF004A5FE7 /* UIImage.swift */ = {isa = PBXFileReference; lastKnownFileType = sourcecode.swift; path = UIImage.swift; sourceTree = "<group>"; };
		3C88991E26739FB4004A5FE7 /* MusicControlsView.swift */ = {isa = PBXFileReference; lastKnownFileType = sourcecode.swift; path = MusicControlsView.swift; sourceTree = "<group>"; };
		3C8899202673A028004A5FE7 /* RunningPlayerView.swift */ = {isa = PBXFileReference; lastKnownFileType = sourcecode.swift; path = RunningPlayerView.swift; sourceTree = "<group>"; };
		3C8899232673B653004A5FE7 /* LocationPermissionRequest.swift */ = {isa = PBXFileReference; lastKnownFileType = sourcecode.swift; path = LocationPermissionRequest.swift; sourceTree = "<group>"; };
		3CA358182667BE05001B1637 /* RunningControlsView.swift */ = {isa = PBXFileReference; lastKnownFileType = sourcecode.swift; path = RunningControlsView.swift; sourceTree = "<group>"; };
		3CA3581A2667BE40001B1637 /* StatView.swift */ = {isa = PBXFileReference; lastKnownFileType = sourcecode.swift; path = StatView.swift; sourceTree = "<group>"; };
/* End PBXFileReference section */

/* Begin PBXFrameworksBuildPhase section */
		3C6A175D1DF7087C006CD716 /* Frameworks */ = {
			isa = PBXFrameworksBuildPhase;
			buildActionMask = 2147483647;
			files = (
				3C2525CB266675D400136372 /* WeavKit.xcframework in Frameworks */,
				3CA358162667BA81001B1637 /* SnapKit in Frameworks */,
			);
			runOnlyForDeploymentPostprocessing = 0;
		};
/* End PBXFrameworksBuildPhase section */

/* Begin PBXGroup section */
		3C2525C2266674AB00136372 /* sdk-resources */ = {
			isa = PBXGroup;
			children = (
				3C2525D2266678BA00136372 /* WeavExampleEmbeddedSongs.bundle */,
				3C2525C3266675C300136372 /* kelly_roberts_400m_repeats.bundle */,
				3C2525C4266675C300136372 /* kelly_roberts_400m_repeats.enc */,
				3C2525C6266675C300136372 /* kelly_roberts_instructor_embedded.bundle */,
				3C2525C5266675C300136372 /* WeavKit.xcframework */,
			);
			path = "sdk-resources";
			sourceTree = "<group>";
		};
		3C2525CD2666761900136372 /* Extensions */ = {
			isa = PBXGroup;
			children = (
				3C2525CE2666762500136372 /* WeavRunningSessionConfig+Extension.swift */,
				3C88991B26739CAF004A5FE7 /* UIImage.swift */,
			);
			path = Extensions;
			sourceTree = "<group>";
		};
		3C6A17571DF7087C006CD716 = {
			isa = PBXGroup;
			children = (
				3C6A17621DF7087C006CD716 /* WeavExample */,
				3C6A17611DF7087C006CD716 /* Products */,
			);
			sourceTree = "<group>";
		};
		3C6A17611DF7087C006CD716 /* Products */ = {
			isa = PBXGroup;
			children = (
				3C6A17601DF7087C006CD716 /* WeavExample.app */,
			);
			name = Products;
			sourceTree = "<group>";
		};
		3C6A17621DF7087C006CD716 /* WeavExample */ = {
			isa = PBXGroup;
			children = (
				3C8899222673B646004A5FE7 /* Utils */,
				3C88991D26739FA9004A5FE7 /* MusicPlayer */,
				3CA358172667BDE0001B1637 /* RunningPlayer */,
				3C2525CD2666761900136372 /* Extensions */,
				3C2525C2266674AB00136372 /* sdk-resources */,
				3C6A17631DF7087C006CD716 /* AppDelegate.swift */,
				3C6A17671DF7087C006CD716 /* RunSetupViewController.swift */,
				3C6A17691DF7087C006CD716 /* Main.storyboard */,
				3C6A176C1DF7087C006CD716 /* Assets.xcassets */,
				3C6A176E1DF7087C006CD716 /* LaunchScreen.storyboard */,
				3C6A17711DF7087C006CD716 /* Info.plist */,
				3C2525D02666767200136372 /* Constants.swift */,
			);
			path = WeavExample;
			sourceTree = "<group>";
		};
		3C88991D26739FA9004A5FE7 /* MusicPlayer */ = {
			isa = PBXGroup;
			children = (
				3C88991E26739FB4004A5FE7 /* MusicControlsView.swift */,
			);
			path = MusicPlayer;
			sourceTree = "<group>";
		};
		3C8899222673B646004A5FE7 /* Utils */ = {
			isa = PBXGroup;
			children = (
				3C8899232673B653004A5FE7 /* LocationPermissionRequest.swift */,
			);
			path = Utils;
			sourceTree = "<group>";
		};
		3CA358172667BDE0001B1637 /* RunningPlayer */ = {
			isa = PBXGroup;
			children = (
				3CA358182667BE05001B1637 /* RunningControlsView.swift */,
				3CA3581A2667BE40001B1637 /* StatView.swift */,
				3C8899202673A028004A5FE7 /* RunningPlayerView.swift */,
				3C6A17801DF71180006CD716 /* RunningPlayerViewController.swift */,
			);
			path = RunningPlayer;
			sourceTree = "<group>";
		};
/* End PBXGroup section */

/* Begin PBXNativeTarget section */
		3C6A175F1DF7087C006CD716 /* WeavExample */ = {
			isa = PBXNativeTarget;
			buildConfigurationList = 3C6A17741DF7087C006CD716 /* Build configuration list for PBXNativeTarget "WeavExample" */;
			buildPhases = (
				3C6A175C1DF7087C006CD716 /* Sources */,
				3C6A175D1DF7087C006CD716 /* Frameworks */,
				3C6A175E1DF7087C006CD716 /* Resources */,
				3C6A177E1DF708D3006CD716 /* Embed Frameworks */,
			);
			buildRules = (
			);
			dependencies = (
			);
			name = WeavExample;
			packageProductDependencies = (
				3CA358152667BA81001B1637 /* SnapKit */,
			);
			productName = WeavExample;
			productReference = 3C6A17601DF7087C006CD716 /* WeavExample.app */;
			productType = "com.apple.product-type.application";
		};
/* End PBXNativeTarget section */

/* Begin PBXProject section */
		3C6A17581DF7087C006CD716 /* Project object */ = {
			isa = PBXProject;
			attributes = {
				LastSwiftUpdateCheck = 0810;
				LastUpgradeCheck = 0810;
				ORGANIZATIONNAME = Weav;
				TargetAttributes = {
					3C6A175F1DF7087C006CD716 = {
						CreatedOnToolsVersion = 8.1;
						DevelopmentTeam = QXFB7X49TS;
						ProvisioningStyle = Automatic;
						SystemCapabilities = {
							com.apple.BackgroundModes = {
								enabled = 1;
							};
						};
					};
				};
			};
			buildConfigurationList = 3C6A175B1DF7087C006CD716 /* Build configuration list for PBXProject "WeavExample" */;
			compatibilityVersion = "Xcode 3.2";
			developmentRegion = English;
			hasScannedForEncodings = 0;
			knownRegions = (
				English,
				en,
				Base,
			);
			mainGroup = 3C6A17571DF7087C006CD716;
			packageReferences = (
				3CA358142667BA81001B1637 /* XCRemoteSwiftPackageReference "SnapKit" */,
			);
			productRefGroup = 3C6A17611DF7087C006CD716 /* Products */;
			projectDirPath = "";
			projectRoot = "";
			targets = (
				3C6A175F1DF7087C006CD716 /* WeavExample */,
			);
		};
/* End PBXProject section */

/* Begin PBXResourcesBuildPhase section */
		3C6A175E1DF7087C006CD716 /* Resources */ = {
			isa = PBXResourcesBuildPhase;
			buildActionMask = 2147483647;
			files = (
				3C2525CA266675C300136372 /* kelly_roberts_instructor_embedded.bundle in Resources */,
				3C2525D3266678BA00136372 /* WeavExampleEmbeddedSongs.bundle in Resources */,
				3C6A17701DF7087C006CD716 /* LaunchScreen.storyboard in Resources */,
				3C6A176D1DF7087C006CD716 /* Assets.xcassets in Resources */,
				3C6A176B1DF7087C006CD716 /* Main.storyboard in Resources */,
				3C2525C7266675C300136372 /* kelly_roberts_400m_repeats.bundle in Resources */,
				3C2525C8266675C300136372 /* kelly_roberts_400m_repeats.enc in Resources */,
			);
			runOnlyForDeploymentPostprocessing = 0;
		};
/* End PBXResourcesBuildPhase section */

/* Begin PBXSourcesBuildPhase section */
		3C6A175C1DF7087C006CD716 /* Sources */ = {
			isa = PBXSourcesBuildPhase;
			buildActionMask = 2147483647;
			files = (
				3CA3581B2667BE40001B1637 /* StatView.swift in Sources */,
				3C88991C26739CAF004A5FE7 /* UIImage.swift in Sources */,
				3C8899242673B653004A5FE7 /* LocationPermissionRequest.swift in Sources */,
				3C2525D12666767200136372 /* Constants.swift in Sources */,
				3C6A17681DF7087C006CD716 /* RunSetupViewController.swift in Sources */,
				3C2525CF2666762500136372 /* WeavRunningSessionConfig+Extension.swift in Sources */,
				3C6A17641DF7087C006CD716 /* AppDelegate.swift in Sources */,
				3C88991F26739FB4004A5FE7 /* MusicControlsView.swift in Sources */,
				3CA358192667BE05001B1637 /* RunningControlsView.swift in Sources */,
				3C6A17811DF71180006CD716 /* RunningPlayerViewController.swift in Sources */,
				3C8899212673A028004A5FE7 /* RunningPlayerView.swift in Sources */,
			);
			runOnlyForDeploymentPostprocessing = 0;
		};
/* End PBXSourcesBuildPhase section */

/* Begin PBXVariantGroup section */
		3C6A17691DF7087C006CD716 /* Main.storyboard */ = {
			isa = PBXVariantGroup;
			children = (
				3C6A176A1DF7087C006CD716 /* Base */,
			);
			name = Main.storyboard;
			sourceTree = "<group>";
		};
		3C6A176E1DF7087C006CD716 /* LaunchScreen.storyboard */ = {
			isa = PBXVariantGroup;
			children = (
				3C6A176F1DF7087C006CD716 /* Base */,
			);
			name = LaunchScreen.storyboard;
			sourceTree = "<group>";
		};
/* End PBXVariantGroup section */

/* Begin XCBuildConfiguration section */
		3C6A17721DF7087C006CD716 /* Debug */ = {
			isa = XCBuildConfiguration;
			buildSettings = {
				ALWAYS_SEARCH_USER_PATHS = NO;
				CLANG_ANALYZER_NONNULL = YES;
				CLANG_CXX_LANGUAGE_STANDARD = "gnu++0x";
				CLANG_CXX_LIBRARY = "libc++";
				CLANG_ENABLE_MODULES = YES;
				CLANG_ENABLE_OBJC_ARC = YES;
				CLANG_WARN_BOOL_CONVERSION = YES;
				CLANG_WARN_CONSTANT_CONVERSION = YES;
				CLANG_WARN_DIRECT_OBJC_ISA_USAGE = YES_ERROR;
				CLANG_WARN_DOCUMENTATION_COMMENTS = YES;
				CLANG_WARN_EMPTY_BODY = YES;
				CLANG_WARN_ENUM_CONVERSION = YES;
				CLANG_WARN_INFINITE_RECURSION = YES;
				CLANG_WARN_INT_CONVERSION = YES;
				CLANG_WARN_OBJC_ROOT_CLASS = YES_ERROR;
				CLANG_WARN_SUSPICIOUS_MOVES = YES;
				CLANG_WARN_UNREACHABLE_CODE = YES;
				CLANG_WARN__DUPLICATE_METHOD_MATCH = YES;
				"CODE_SIGN_IDENTITY[sdk=iphoneos*]" = "iPhone Developer";
				COPY_PHASE_STRIP = NO;
				DEBUG_INFORMATION_FORMAT = dwarf;
				ENABLE_STRICT_OBJC_MSGSEND = YES;
				ENABLE_TESTABILITY = YES;
				GCC_C_LANGUAGE_STANDARD = gnu99;
				GCC_DYNAMIC_NO_PIC = NO;
				GCC_NO_COMMON_BLOCKS = YES;
				GCC_OPTIMIZATION_LEVEL = 0;
				GCC_PREPROCESSOR_DEFINITIONS = (
					"DEBUG=1",
					"$(inherited)",
				);
				GCC_WARN_64_TO_32_BIT_CONVERSION = YES;
				GCC_WARN_ABOUT_RETURN_TYPE = YES_ERROR;
				GCC_WARN_UNDECLARED_SELECTOR = YES;
				GCC_WARN_UNINITIALIZED_AUTOS = YES_AGGRESSIVE;
				GCC_WARN_UNUSED_FUNCTION = YES;
				GCC_WARN_UNUSED_VARIABLE = YES;
				IPHONEOS_DEPLOYMENT_TARGET = 10.1;
				MTL_ENABLE_DEBUG_INFO = YES;
				ONLY_ACTIVE_ARCH = YES;
				SDKROOT = iphoneos;
				SWIFT_ACTIVE_COMPILATION_CONDITIONS = DEBUG;
				SWIFT_OPTIMIZATION_LEVEL = "-Onone";
			};
			name = Debug;
		};
		3C6A17731DF7087C006CD716 /* Release */ = {
			isa = XCBuildConfiguration;
			buildSettings = {
				ALWAYS_SEARCH_USER_PATHS = NO;
				CLANG_ANALYZER_NONNULL = YES;
				CLANG_CXX_LANGUAGE_STANDARD = "gnu++0x";
				CLANG_CXX_LIBRARY = "libc++";
				CLANG_ENABLE_MODULES = YES;
				CLANG_ENABLE_OBJC_ARC = YES;
				CLANG_WARN_BOOL_CONVERSION = YES;
				CLANG_WARN_CONSTANT_CONVERSION = YES;
				CLANG_WARN_DIRECT_OBJC_ISA_USAGE = YES_ERROR;
				CLANG_WARN_DOCUMENTATION_COMMENTS = YES;
				CLANG_WARN_EMPTY_BODY = YES;
				CLANG_WARN_ENUM_CONVERSION = YES;
				CLANG_WARN_INFINITE_RECURSION = YES;
				CLANG_WARN_INT_CONVERSION = YES;
				CLANG_WARN_OBJC_ROOT_CLASS = YES_ERROR;
				CLANG_WARN_SUSPICIOUS_MOVES = YES;
				CLANG_WARN_UNREACHABLE_CODE = YES;
				CLANG_WARN__DUPLICATE_METHOD_MATCH = YES;
				"CODE_SIGN_IDENTITY[sdk=iphoneos*]" = "iPhone Developer";
				COPY_PHASE_STRIP = NO;
				DEBUG_INFORMATION_FORMAT = "dwarf-with-dsym";
				ENABLE_NS_ASSERTIONS = NO;
				ENABLE_STRICT_OBJC_MSGSEND = YES;
				GCC_C_LANGUAGE_STANDARD = gnu99;
				GCC_NO_COMMON_BLOCKS = YES;
				GCC_WARN_64_TO_32_BIT_CONVERSION = YES;
				GCC_WARN_ABOUT_RETURN_TYPE = YES_ERROR;
				GCC_WARN_UNDECLARED_SELECTOR = YES;
				GCC_WARN_UNINITIALIZED_AUTOS = YES_AGGRESSIVE;
				GCC_WARN_UNUSED_FUNCTION = YES;
				GCC_WARN_UNUSED_VARIABLE = YES;
				IPHONEOS_DEPLOYMENT_TARGET = 10.1;
				MTL_ENABLE_DEBUG_INFO = NO;
				SDKROOT = iphoneos;
				SWIFT_COMPILATION_MODE = wholemodule;
				SWIFT_OPTIMIZATION_LEVEL = "-O";
				VALIDATE_PRODUCT = YES;
			};
			name = Release;
		};
		3C6A17751DF7087C006CD716 /* Debug */ = {
			isa = XCBuildConfiguration;
			buildSettings = {
				ASSETCATALOG_COMPILER_APPICON_NAME = AppIcon;
				DEVELOPMENT_TEAM = QXFB7X49TS;
				ENABLE_BITCODE = NO;
				FRAMEWORK_SEARCH_PATHS = (
					"$(inherited)",
					"$(PROJECT_DIR)",
				);
				INFOPLIST_FILE = WeavExample/Info.plist;
				IPHONEOS_DEPLOYMENT_TARGET = 12.1;
				LD_RUNPATH_SEARCH_PATHS = (
					"$(inherited)",
					"@executable_path/Frameworks",
				);
				PRODUCT_BUNDLE_IDENTIFIER = io.weav.apps.WeavExample;
				PRODUCT_NAME = "$(TARGET_NAME)";
				SWIFT_VERSION = 5.0;
			};
			name = Debug;
		};
		3C6A17761DF7087C006CD716 /* Release */ = {
			isa = XCBuildConfiguration;
			buildSettings = {
				ASSETCATALOG_COMPILER_APPICON_NAME = AppIcon;
				DEVELOPMENT_TEAM = QXFB7X49TS;
				ENABLE_BITCODE = NO;
				FRAMEWORK_SEARCH_PATHS = (
					"$(inherited)",
					"$(PROJECT_DIR)",
				);
				INFOPLIST_FILE = WeavExample/Info.plist;
				IPHONEOS_DEPLOYMENT_TARGET = 12.1;
				LD_RUNPATH_SEARCH_PATHS = (
					"$(inherited)",
					"@executable_path/Frameworks",
				);
				PRODUCT_BUNDLE_IDENTIFIER = io.weav.apps.WeavExample;
				PRODUCT_NAME = "$(TARGET_NAME)";
				SWIFT_VERSION = 5.0;
			};
			name = Release;
		};
/* End XCBuildConfiguration section */

/* Begin XCConfigurationList section */
		3C6A175B1DF7087C006CD716 /* Build configuration list for PBXProject "WeavExample" */ = {
			isa = XCConfigurationList;
			buildConfigurations = (
				3C6A17721DF7087C006CD716 /* Debug */,
				3C6A17731DF7087C006CD716 /* Release */,
			);
			defaultConfigurationIsVisible = 0;
			defaultConfigurationName = Release;
		};
		3C6A17741DF7087C006CD716 /* Build configuration list for PBXNativeTarget "WeavExample" */ = {
			isa = XCConfigurationList;
			buildConfigurations = (
				3C6A17751DF7087C006CD716 /* Debug */,
				3C6A17761DF7087C006CD716 /* Release */,
			);
			defaultConfigurationIsVisible = 0;
			defaultConfigurationName = Release;
		};
/* End XCConfigurationList section */

/* Begin XCRemoteSwiftPackageReference section */
		3CA358142667BA81001B1637 /* XCRemoteSwiftPackageReference "SnapKit" */ = {
			isa = XCRemoteSwiftPackageReference;
			repositoryURL = "https://github.com/SnapKit/SnapKit.git";
			requirement = {
				kind = upToNextMajorVersion;
				minimumVersion = 5.0.1;
			};
		};
/* End XCRemoteSwiftPackageReference section */

/* Begin XCSwiftPackageProductDependency section */
		3CA358152667BA81001B1637 /* SnapKit */ = {
			isa = XCSwiftPackageProductDependency;
			package = 3CA358142667BA81001B1637 /* XCRemoteSwiftPackageReference "SnapKit" */;
			productName = SnapKit;
		};
/* End XCSwiftPackageProductDependency section */
	};
	rootObject = 3C6A17581DF7087C006CD716 /* Project object */;
}
